{
  "name": "ui-uknow-comimix",
  "lockfileVersion": 3,
  "requires": true,
  "packages": {
    "": {
      "dependencies": {
        "@fontsource/mochiy-pop-one": "^5.0.5"
      }
    },
    "node_modules/@fontsource/mochiy-pop-one": {
      "version": "5.0.5",
      "resolved": "https://registry.npmjs.org/@fontsource/mochiy-pop-one/-/mochiy-pop-one-5.0.5.tgz",
      "integrity": "sha512-ZRffCLmTpIOgdHhsYySGEZxMRmtdYMdXJTfitQkuqddjQJ/i05ZweaZ4BvZJv8/nH+9RkQZerdHjMBIXxGMqpg=="
    }
  }
}
